
Microsoft Visual Studio Solution File, Format Version 12.00
# Visual Studio 15
VisualStudioVersion = 15.0.26228.4
MinimumVisualStudioVersion = 10.0.40219.1
Project("{FAE04EC0-301F-11D3-BF4B-00C04F79EFBC}") = "FootballEngine", "FootballEngine\FootballEngine.csproj", "{C50B3256-716F-4620-AFF8-033E7B2D3F31}"
EndProject
Project("{FAE04EC0-301F-11D3-BF4B-00C04F79EFBC}") = "FootballTester", "FootballTester\FootballTester.csproj", "{23148ADE-BF0D-467A-BB52-C09FC753AC5B}"
EndProject
Project("{FAE04EC0-301F-11D3-BF4B-00C04F79EFBC}") = "AndyTools", "AndyTools\AndyTools.csproj", "{9DDF3FAD-ADF7-4460-8D4F-025BC25F0386}"
EndProject
Global
	GlobalSection(SolutionConfigurationPlatforms) = preSolution
		Debug|Any CPU = Debug|Any CPU
		Release|Any CPU = Release|Any CPU
	EndGlobalSection
	GlobalSection(ProjectConfigurationPlatforms) = postSolution
		{C50B3256-716F-4620-AFF8-033E7B2D3F31}.Debug|Any CPU.ActiveCfg = Debug|Any CPU
		{C50B3256-716F-4620-AFF8-033E7B2D3F31}.Debug|Any CPU.Build.0 = Debug|Any CPU
		{C50B3256-716F-4620-AFF8-033E7B2D3F31}.Release|Any CPU.ActiveCfg = Release|Any CPU
		{C50B3256-716F-4620-AFF8-033E7B2D3F31}.Release|Any CPU.Build.0 = Release|Any CPU
		{23148ADE-BF0D-467A-BB52-C09FC753AC5B}.Debug|Any CPU.ActiveCfg = Debug|Any CPU
		{23148ADE-BF0D-467A-BB52-C09FC753AC5B}.Debug|Any CPU.Build.0 = Debug|Any CPU
		{23148ADE-BF0D-467A-BB52-C09FC753AC5B}.Release|Any CPU.ActiveCfg = Release|Any CPU
		{23148ADE-BF0D-467A-BB52-C09FC753AC5B}.Release|Any CPU.Build.0 = Release|Any CPU
		{9DDF3FAD-ADF7-4460-8D4F-025BC25F0386}.Debug|Any CPU.ActiveCfg = Debug|Any CPU
		{9DDF3FAD-ADF7-4460-8D4F-025BC25F0386}.Debug|Any CPU.Build.0 = Debug|Any CPU
		{9DDF3FAD-ADF7-4460-8D4F-025BC25F0386}.Release|Any CPU.ActiveCfg = Release|Any CPU
		{9DDF3FAD-ADF7-4460-8D4F-025BC25F0386}.Release|Any CPU.Build.0 = Release|Any CPU
	EndGlobalSection
	GlobalSection(SolutionProperties) = preSolution
		HideSolutionNode = FALSE
	EndGlobalSection
	GlobalSection(ExtensibilityGlobals) = postSolution
		SolutionGuid = {9057C24B-CE65-4920-920A-8007AB20AC80}
	EndGlobalSection
EndGlobal
